Microsoft Visual Studio Solution File, Format Version 12.00
# Visual Studio 2012
Project("{FAE04EC0-301F-11D3-BF4B-00C04F79EFBC}") = "winternuke", "winternuke.csproj", "{5ADD1707-1EC4-469A-B5F6-8A1AB0E015DB}"
EndProject
Global
	GlobalSection(SolutionConfigurationPlatforms) = preSolution
	Debug|Any CPU = Debug|Any CPU
	ExportDebug|Any CPU = ExportDebug|Any CPU
	ExportRelease|Any CPU = ExportRelease|Any CPU
	EndGlobalSection
	GlobalSection(ProjectConfigurationPlatforms) = postSolution
		{5ADD1707-1EC4-469A-B5F6-8A1AB0E015DB}.Debug|Any CPU.ActiveCfg = Debug|Any CPU
		{5ADD1707-1EC4-469A-B5F6-8A1AB0E015DB}.Debug|Any CPU.Build.0 = Debug|Any CPU
		{5ADD1707-1EC4-469A-B5F6-8A1AB0E015DB}.ExportDebug|Any CPU.ActiveCfg = ExportDebug|Any CPU
		{5ADD1707-1EC4-469A-B5F6-8A1AB0E015DB}.ExportDebug|Any CPU.Build.0 = ExportDebug|Any CPU
		{5ADD1707-1EC4-469A-B5F6-8A1AB0E015DB}.ExportRelease|Any CPU.ActiveCfg = ExportRelease|Any CPU
		{5ADD1707-1EC4-469A-B5F6-8A1AB0E015DB}.ExportRelease|Any CPU.Build.0 = ExportRelease|Any CPU
	EndGlobalSection
EndGlobal
